
Microsoft Visual Studio Solution File, Format Version 12.00
# Visual Studio Version 17
VisualStudioVersion = 17.13.35825.156 d17.13
MinimumVisualStudioVersion = 10.0.40219.1
Project("{FAE04EC0-301F-11D3-BF4B-00C04F79EFBC}") = "ConsoleApp4", "ConsoleApp4\ConsoleApp4.csproj", "{69348344-7DF4-437D-B98F-CDC13EEC9149}"
EndProject
Global
	GlobalSection(SolutionConfigurationPlatforms) = preSolution
		Debug|Any CPU = Debug|Any CPU
		Release|Any CPU = Release|Any CPU
	EndGlobalSection
	GlobalSection(ProjectConfigurationPlatforms) = postSolution
		{69348344-7DF4-437D-B98F-CDC13EEC9149}.Debug|Any CPU.ActiveCfg = Debug|Any CPU
		{69348344-7DF4-437D-B98F-CDC13EEC9149}.Debug|Any CPU.Build.0 = Debug|Any CPU
		{69348344-7DF4-437D-B98F-CDC13EEC9149}.Release|Any CPU.ActiveCfg = Release|Any CPU
		{69348344-7DF4-437D-B98F-CDC13EEC9149}.Release|Any CPU.Build.0 = Release|Any CPU
	EndGlobalSection
	GlobalSection(SolutionProperties) = preSolution
		HideSolutionNode = FALSE
	EndGlobalSection
	GlobalSection(ExtensibilityGlobals) = postSolution
		SolutionGuid = {4C7ACD22-A70D-467E-990C-56C1E3B89D80}
	EndGlobalSection
EndGlobal
